
Microsoft Visual Studio Solution File, Format Version 11.00
# Visual Studio 2010
Project("{FAE04EC0-301F-11D3-BF4B-00C04F79EFBC}") = "Tina", "Tina\Tina.csproj", "{14493EF6-E069-4C8F-84DF-2C5F4E3597F3}"
EndProject
Project("{FAE04EC0-301F-11D3-BF4B-00C04F79EFBC}") = "TinaTests", "Tina.Tests\TinaTests.csproj", "{90A2CA69-EAA8-4DB5-9DD5-2EA69A687410}"
EndProject
Global
	GlobalSection(SolutionConfigurationPlatforms) = preSolution
		Debug|Any CPU = Debug|Any CPU
		Release|Any CPU = Release|Any CPU
	EndGlobalSection
	GlobalSection(ProjectConfigurationPlatforms) = postSolution
		{14493EF6-E069-4C8F-84DF-2C5F4E3597F3}.Debug|Any CPU.ActiveCfg = Debug|Any CPU
		{14493EF6-E069-4C8F-84DF-2C5F4E3597F3}.Debug|Any CPU.Build.0 = Debug|Any CPU
		{14493EF6-E069-4C8F-84DF-2C5F4E3597F3}.Release|Any CPU.ActiveCfg = Release|Any CPU
		{14493EF6-E069-4C8F-84DF-2C5F4E3597F3}.Release|Any CPU.Build.0 = Release|Any CPU
		{90A2CA69-EAA8-4DB5-9DD5-2EA69A687410}.Debug|Any CPU.ActiveCfg = Debug|Any CPU
		{90A2CA69-EAA8-4DB5-9DD5-2EA69A687410}.Debug|Any CPU.Build.0 = Debug|Any CPU
		{90A2CA69-EAA8-4DB5-9DD5-2EA69A687410}.Release|Any CPU.ActiveCfg = Release|Any CPU
		{90A2CA69-EAA8-4DB5-9DD5-2EA69A687410}.Release|Any CPU.Build.0 = Release|Any CPU
	EndGlobalSection
	GlobalSection(SolutionProperties) = preSolution
		HideSolutionNode = FALSE
	EndGlobalSection
EndGlobal
